PODS:
  - PagingMenuController (2.2.0)

DEPENDENCIES:
  - PagingMenuController (from `../`)

EXTERNAL SOURCES:
  PagingMenuController:
    :path: "../"

SPEC CHECKSUMS:
  PagingMenuController: acdb8e0ff7f977182b0586656d19ba1d992390a6

PODFILE CHECKSUM: c4d8dd3cee5d79d8449c9114d2702e214339ac0e

COCOAPODS: 1.10.1
